// !$*UTF8*$!
{
	archiveVersion = 1;
	classes = {
	};
	objectVersion = 52;
	objects = {

/* Begin PBXBuildFile section */
		119DE28E25DC40A600568D7C /* AppDelegate.swift in Sources */ = {isa = PBXBuildFile; fileRef = 119DE28D25DC40A600568D7C /* AppDelegate.swift */; };
		119DE29025DC40A600568D7C /* SceneDelegate.swift in Sources */ = {isa = PBXBuildFile; fileRef = 119DE28F25DC40A600568D7C /* SceneDelegate.swift */; };
		119DE29225DC40A600568D7C /* NewsTimelineVC.swift in Sources */ = {isa = PBXBuildFile; fileRef = 119DE29125DC40A600568D7C /* NewsTimelineVC.swift */; };
		119DE29525DC40A600568D7C /* Main.storyboard in Resources */ = {isa = PBXBuildFile; fileRef = 119DE29325DC40A600568D7C /* Main.storyboard */; };
		119DE29725DC40AB00568D7C /* Assets.xcassets in Resources */ = {isa = PBXBuildFile; fileRef = 119DE29625DC40AB00568D7C /* Assets.xcassets */; };
		119DE29A25DC40AB00568D7C /* LaunchScreen.storyboard in Resources */ = {isa = PBXBuildFile; fileRef = 119DE29825DC40AB00568D7C /* LaunchScreen.storyboard */; };
		119DE2A825DC504100568D7C /* NewsCell.swift in Sources */ = {isa = PBXBuildFile; fileRef = 119DE2A725DC504000568D7C /* NewsCell.swift */; };
		119DE2AE25DC537D00568D7C /* NewsModel.swift in Sources */ = {isa = PBXBuildFile; fileRef = 119DE2AD25DC537D00568D7C /* NewsModel.swift */; };
		119DE2B225DC591100568D7C /* RequestManager.swift in Sources */ = {isa = PBXBuildFile; fileRef = 119DE2B125DC591100568D7C /* RequestManager.swift */; };
		119DE2BE25DC6EE500568D7C /* SwiftyJSON in Frameworks */ = {isa = PBXBuildFile; productRef = 119DE2BD25DC6EE500568D7C /* SwiftyJSON */; };
/* End PBXBuildFile section */

/* Begin PBXFileReference section */
		119DE28A25DC40A600568D7C /* NewsApp.app */ = {isa = PBXFileReference; explicitFileType = wrapper.application; includeInIndex = 0; path = NewsApp.app; sourceTree = BUILT_PRODUCTS_DIR; };
		119DE28D25DC40A600568D7C /* AppDelegate.swift */ = {isa = PBXFileReference; lastKnownFileType = sourcecode.swift; path = AppDelegate.swift; sourceTree = "<group>"; };
		119DE28F25DC40A600568D7C /* SceneDelegate.swift */ = {isa = PBXFileReference; lastKnownFileType = sourcecode.swift; path = SceneDelegate.swift; sourceTree = "<group>"; };
		119DE29125DC40A600568D7C /* NewsTimelineVC.swift */ = {isa = PBXFileReference; lastKnownFileType = sourcecode.swift; path = NewsTimelineVC.swift; sourceTree = "<group>"; };
		119DE29425DC40A600568D7C /* Base */ = {isa = PBXFileReference; lastKnownFileType = file.storyboard; name = Base; path = Base.lproj/Main.storyboard; sourceTree = "<group>"; };
		119DE29625DC40AB00568D7C /* Assets.xcassets */ = {isa = PBXFileReference; lastKnownFileType = folder.assetcatalog; path = Assets.xcassets; sourceTree = "<group>"; };
		119DE29925DC40AB00568D7C /* Base */ = {isa = PBXFileReference; lastKnownFileType = file.storyboard; name = Base; path = Base.lproj/LaunchScreen.storyboard; sourceTree = "<group>"; };
		119DE29B25DC40AB00568D7C /* Info.plist */ = {isa = PBXFileReference; lastKnownFileType = text.plist.xml; path = Info.plist; sourceTree = "<group>"; };
		119DE2A725DC504000568D7C /* NewsCell.swift */ = {isa = PBXFileReference; lastKnownFileType = sourcecode.swift; path = NewsCell.swift; sourceTree = "<group>"; };
		119DE2AD25DC537D00568D7C /* NewsModel.swift */ = {isa = PBXFileReference; lastKnownFileType = sourcecode.swift; path = NewsModel.swift; sourceTree = "<group>"; };
		119DE2B125DC591100568D7C /* RequestManager.swift */ = {isa = PBXFileReference; lastKnownFileType = sourcecode.swift; path = RequestManager.swift; sourceTree = "<group>"; };
/* End PBXFileReference section */

/* Begin PBXFrameworksBuildPhase section */
		119DE28725DC40A600568D7C /* Frameworks */ = {
			isa = PBXFrameworksBuildPhase;
			buildActionMask = 2147483647;
			files = (
				119DE2BE25DC6EE500568D7C /* SwiftyJSON in Frameworks */,
			);
			runOnlyForDeploymentPostprocessing = 0;
		};
/* End PBXFrameworksBuildPhase section */

/* Begin PBXGroup section */
		119DE28125DC40A600568D7C = {
			isa = PBXGroup;
			children = (
				119DE28C25DC40A600568D7C /* NewsApp */,
				119DE28B25DC40A600568D7C /* Products */,
			);
			sourceTree = "<group>";
		};
		119DE28B25DC40A600568D7C /* Products */ = {
			isa = PBXGroup;
			children = (
				119DE28A25DC40A600568D7C /* NewsApp.app */,
			);
			name = Products;
			sourceTree = "<group>";
		};
		119DE28C25DC40A600568D7C /* NewsApp */ = {
			isa = PBXGroup;
			children = (
				119DE2A525DC40DE00568D7C /* Model */,
				119DE2A425DC40D600568D7C /* View */,
				119DE2A325DC40C900568D7C /* Controller */,
				119DE28D25DC40A600568D7C /* AppDelegate.swift */,
				119DE28F25DC40A600568D7C /* SceneDelegate.swift */,
				119DE29325DC40A600568D7C /* Main.storyboard */,
				119DE29625DC40AB00568D7C /* Assets.xcassets */,
				119DE29825DC40AB00568D7C /* LaunchScreen.storyboard */,
				119DE29B25DC40AB00568D7C /* Info.plist */,
			);
			path = NewsApp;
			sourceTree = "<group>";
		};
		119DE2A325DC40C900568D7C /* Controller */ = {
			isa = PBXGroup;
			children = (
				119DE29125DC40A600568D7C /* NewsTimelineVC.swift */,
			);
			path = Controller;
			sourceTree = "<group>";
		};
		119DE2A425DC40D600568D7C /* View */ = {
			isa = PBXGroup;
			children = (
				119DE2A725DC504000568D7C /* NewsCell.swift */,
			);
			path = View;
			sourceTree = "<group>";
		};
		119DE2A525DC40DE00568D7C /* Model */ = {
			isa = PBXGroup;
			children = (
				119DE2AD25DC537D00568D7C /* NewsModel.swift */,
				119DE2B125DC591100568D7C /* RequestManager.swift */,
			);
			path = Model;
			sourceTree = "<group>";
		};
/* End PBXGroup section */

/* Begin PBXNativeTarget section */
		119DE28925DC40A600568D7C /* NewsApp */ = {
			isa = PBXNativeTarget;
			buildConfigurationList = 119DE29E25DC40AB00568D7C /* Build configuration list for PBXNativeTarget "NewsApp" */;
			buildPhases = (
				119DE28625DC40A600568D7C /* Sources */,
				119DE28725DC40A600568D7C /* Frameworks */,
				119DE28825DC40A600568D7C /* Resources */,
			);
			buildRules = (
			);
			dependencies = (
			);
			name = NewsApp;
			packageProductDependencies = (
				119DE2BD25DC6EE500568D7C /* SwiftyJSON */,
			);
			productName = NewsApp;
			productReference = 119DE28A25DC40A600568D7C /* NewsApp.app */;
			productType = "com.apple.product-type.application";
		};
/* End PBXNativeTarget section */

/* Begin PBXProject section */
		119DE28225DC40A600568D7C /* Project object */ = {
			isa = PBXProject;
			attributes = {
				LastSwiftUpdateCheck = 1240;
				LastUpgradeCheck = 1240;
				TargetAttributes = {
					119DE28925DC40A600568D7C = {
						CreatedOnToolsVersion = 12.4;
					};
				};
			};
			buildConfigurationList = 119DE28525DC40A600568D7C /* Build configuration list for PBXProject "NewsApp" */;
			compatibilityVersion = "Xcode 9.3";
			developmentRegion = en;
			hasScannedForEncodings = 0;
			knownRegions = (
				en,
				Base,
			);
			mainGroup = 119DE28125DC40A600568D7C;
			packageReferences = (
				119DE2BC25DC6EE500568D7C /* XCRemoteSwiftPackageReference "SwiftyJSON" */,
			);
			productRefGroup = 119DE28B25DC40A600568D7C /* Products */;
			projectDirPath = "";
			projectRoot = "";
			targets = (
				119DE28925DC40A600568D7C /* NewsApp */,
			);
		};
/* End PBXProject section */

/* Begin PBXResourcesBuildPhase section */
		119DE28825DC40A600568D7C /* Resources */ = {
			isa = PBXResourcesBuildPhase;
			buildActionMask = 2147483647;
			files = (
				119DE29A25DC40AB00568D7C /* LaunchScreen.storyboard in Resources */,
				119DE29725DC40AB00568D7C /* Assets.xcassets in Resources */,
				119DE29525DC40A600568D7C /* Main.storyboard in Resources */,
			);
			runOnlyForDeploymentPostprocessing = 0;
		};
/* End PBXResourcesBuildPhase section */

/* Begin PBXSourcesBuildPhase section */
		119DE28625DC40A600568D7C /* Sources */ = {
			isa = PBXSourcesBuildPhase;
			buildActionMask = 2147483647;
			files = (
				119DE29225DC40A600568D7C /* NewsTimelineVC.swift in Sources */,
				119DE2A825DC504100568D7C /* NewsCell.swift in Sources */,
				119DE28E25DC40A600568D7C /* AppDelegate.swift in Sources */,
				119DE2B225DC591100568D7C /* RequestManager.swift in Sources */,
				119DE2AE25DC537D00568D7C /* NewsModel.swift in Sources */,
				119DE29025DC40A600568D7C /* SceneDelegate.swift in Sources */,
			);
			runOnlyForDeploymentPostprocessing = 0;
		};
/* End PBXSourcesBuildPhase section */

/* Begin PBXVariantGroup section */
		119DE29325DC40A600568D7C /* Main.storyboard */ = {
			isa = PBXVariantGroup;
			children = (
				119DE29425DC40A600568D7C /* Base */,
			);
			name = Main.storyboard;
			sourceTree = "<group>";
		};
		119DE29825DC40AB00568D7C /* LaunchScreen.storyboard */ = {
			isa = PBXVariantGroup;
			children = (
				119DE29925DC40AB00568D7C /* Base */,
			);
			name = LaunchScreen.storyboard;
			sourceTree = "<group>";
		};
/* End PBXVariantGroup section */

/* Begin XCBuildConfiguration section */
		119DE29C25DC40AB00568D7C /* Debug */ = {
			isa = XCBuildConfiguration;
			buildSettings = {
				ALWAYS_SEARCH_USER_PATHS = NO;
				CLANG_ANALYZER_NONNULL = YES;
				CLANG_ANALYZER_NUMBER_OBJECT_CONVERSION = YES_AGGRESSIVE;
				CLANG_CXX_LANGUAGE_STANDARD = "gnu++14";
				CLANG_CXX_LIBRARY = "libc++";
				CLANG_ENABLE_MODULES = YES;
				CLANG_ENABLE_OBJC_ARC = YES;
				CLANG_ENABLE_OBJC_WEAK = YES;
				CLANG_WARN_BLOCK_CAPTURE_AUTORELEASING = YES;
				CLANG_WARN_BOOL_CONVERSION = YES;
				CLANG_WARN_COMMA = YES;
				CLANG_WARN_CONSTANT_CONVERSION = YES;
				CLANG_WARN_DEPRECATED_OBJC_IMPLEMENTATIONS = YES;
				CLANG_WARN_DIRECT_OBJC_ISA_USAGE = YES_ERROR;
				CLANG_WARN_DOCUMENTATION_COMMENTS = YES;
				CLANG_WARN_EMPTY_BODY = YES;
				CLANG_WARN_ENUM_CONVERSION = YES;
				CLANG_WARN_INFINITE_RECURSION = YES;
				CLANG_WARN_INT_CONVERSION = YES;
				CLANG_WARN_NON_LITERAL_NULL_CONVERSION = YES;
				CLANG_WARN_OBJC_IMPLICIT_RETAIN_SELF = YES;
				CLANG_WARN_OBJC_LITERAL_CONVERSION = YES;
				CLANG_WARN_OBJC_ROOT_CLASS = YES_ERROR;
				CLANG_WARN_QUOTED_INCLUDE_IN_FRAMEWORK_HEADER = YES;
				CLANG_WARN_RANGE_LOOP_ANALYSIS = YES;
				CLANG_WARN_STRICT_PROTOTYPES = YES;
				CLANG_WARN_SUSPICIOUS_MOVE = YES;
				CLANG_WARN_UNGUARDED_AVAILABILITY = YES_AGGRESSIVE;
				CLANG_WARN_UNREACHABLE_CODE = YES;
				CLANG_WARN__DUPLICATE_METHOD_MATCH = YES;
				COPY_PHASE_STRIP = NO;
				DEBUG_INFORMATION_FORMAT = dwarf;
				ENABLE_STRICT_OBJC_MSGSEND = YES;
				ENABLE_TESTABILITY = YES;
				GCC_C_LANGUAGE_STANDARD = gnu11;
				GCC_DYNAMIC_NO_PIC = NO;
				GCC_NO_COMMON_BLOCKS = YES;
				GCC_OPTIMIZATION_LEVEL = 0;
				GCC_PREPROCESSOR_DEFINITIONS = (
					"DEBUG=1",
					"$(inherited)",
				);
				GCC_WARN_64_TO_32_BIT_CONVERSION = YES;
				GCC_WARN_ABOUT_RETURN_TYPE = YES_ERROR;
				GCC_WARN_UNDECLARED_SELECTOR = YES;
				GCC_WARN_UNINITIALIZED_AUTOS = YES_AGGRESSIVE;
				GCC_WARN_UNUSED_FUNCTION = YES;
				GCC_WARN_UNUSED_VARIABLE = YES;
				IPHONEOS_DEPLOYMENT_TARGET = 14.4;
				MTL_ENABLE_DEBUG_INFO = INCLUDE_SOURCE;
				MTL_FAST_MATH = YES;
				ONLY_ACTIVE_ARCH = YES;
				SDKROOT = iphoneos;
				SWIFT_ACTIVE_COMPILATION_CONDITIONS = DEBUG;
				SWIFT_OPTIMIZATION_LEVEL = "-Onone";
			};
			name = Debug;
		};
		119DE29D25DC40AB00568D7C /* Release */ = {
			isa = XCBuildConfiguration;
			buildSettings = {
				ALWAYS_SEARCH_USER_PATHS = NO;
				CLANG_ANALYZER_NONNULL = YES;
				CLANG_ANALYZER_NUMBER_OBJECT_CONVERSION = YES_AGGRESSIVE;
				CLANG_CXX_LANGUAGE_STANDARD = "gnu++14";
				CLANG_CXX_LIBRARY = "libc++";
				CLANG_ENABLE_MODULES = YES;
				CLANG_ENABLE_OBJC_ARC = YES;
				CLANG_ENABLE_OBJC_WEAK = YES;
				CLANG_WARN_BLOCK_CAPTURE_AUTORELEASING = YES;
				CLANG_WARN_BOOL_CONVERSION = YES;
				CLANG_WARN_COMMA = YES;
				CLANG_WARN_CONSTANT_CONVERSION = YES;
				CLANG_WARN_DEPRECATED_OBJC_IMPLEMENTATIONS = YES;
				CLANG_WARN_DIRECT_OBJC_ISA_USAGE = YES_ERROR;
				CLANG_WARN_DOCUMENTATION_COMMENTS = YES;
				CLANG_WARN_EMPTY_BODY = YES;
				CLANG_WARN_ENUM_CONVERSION = YES;
				CLANG_WARN_INFINITE_RECURSION = YES;
				CLANG_WARN_INT_CONVERSION = YES;
				CLANG_WARN_NON_LITERAL_NULL_CONVERSION = YES;
				CLANG_WARN_OBJC_IMPLICIT_RETAIN_SELF = YES;
				CLANG_WARN_OBJC_LITERAL_CONVERSION = YES;
				CLANG_WARN_OBJC_ROOT_CLASS = YES_ERROR;
				CLANG_WARN_QUOTED_INCLUDE_IN_FRAMEWORK_HEADER = YES;
				CLANG_WARN_RANGE_LOOP_ANALYSIS = YES;
				CLANG_WARN_STRICT_PROTOTYPES = YES;
				CLANG_WARN_SUSPICIOUS_MOVE = YES;
				CLANG_WARN_UNGUARDED_AVAILABILITY = YES_AGGRESSIVE;
				CLANG_WARN_UNREACHABLE_CODE = YES;
				CLANG_WARN__DUPLICATE_METHOD_MATCH = YES;
				COPY_PHASE_STRIP = NO;
				DEBUG_INFORMATION_FORMAT = "dwarf-with-dsym";
				ENABLE_NS_ASSERTIONS = NO;
				ENABLE_STRICT_OBJC_MSGSEND = YES;
				GCC_C_LANGUAGE_STANDARD = gnu11;
				GCC_NO_COMMON_BLOCKS = YES;
				GCC_WARN_64_TO_32_BIT_CONVERSION = YES;
				GCC_WARN_ABOUT_RETURN_TYPE = YES_ERROR;
				GCC_WARN_UNDECLARED_SELECTOR = YES;
				GCC_WARN_UNINITIALIZED_AUTOS = YES_AGGRESSIVE;
				GCC_WARN_UNUSED_FUNCTION = YES;
				GCC_WARN_UNUSED_VARIABLE = YES;
				IPHONEOS_DEPLOYMENT_TARGET = 14.4;
				MTL_ENABLE_DEBUG_INFO = NO;
				MTL_FAST_MATH = YES;
				SDKROOT = iphoneos;
				SWIFT_COMPILATION_MODE = wholemodule;
				SWIFT_OPTIMIZATION_LEVEL = "-O";
				VALIDATE_PRODUCT = YES;
			};
			name = Release;
		};
		119DE29F25DC40AB00568D7C /* Debug */ = {
			isa = XCBuildConfiguration;
			buildSettings = {
				ASSETCATALOG_COMPILER_APPICON_NAME = AppIcon;
				ASSETCATALOG_COMPILER_GLOBAL_ACCENT_COLOR_NAME = AccentColor;
				CODE_SIGN_STYLE = Automatic;
				DEVELOPMENT_TEAM = F463Y88YDK;
				INFOPLIST_FILE = NewsApp/Info.plist;
				LD_RUNPATH_SEARCH_PATHS = (
					"$(inherited)",
					"@executable_path/Frameworks",
				);
				PRODUCT_BUNDLE_IDENTIFIER = NikitaOrg.NewsApp;
				PRODUCT_NAME = "$(TARGET_NAME)";
				SWIFT_VERSION = 5.0;
				TARGETED_DEVICE_FAMILY = 1;
			};
			name = Debug;
		};
		119DE2A025DC40AB00568D7C /* Release */ = {
			isa = XCBuildConfiguration;
			buildSettings = {
				ASSETCATALOG_COMPILER_APPICON_NAME = AppIcon;
				ASSETCATALOG_COMPILER_GLOBAL_ACCENT_COLOR_NAME = AccentColor;
				CODE_SIGN_STYLE = Automatic;
				DEVELOPMENT_TEAM = F463Y88YDK;
				INFOPLIST_FILE = NewsApp/Info.plist;
				LD_RUNPATH_SEARCH_PATHS = (
					"$(inherited)",
					"@executable_path/Frameworks",
				);
				PRODUCT_BUNDLE_IDENTIFIER = NikitaOrg.NewsApp;
				PRODUCT_NAME = "$(TARGET_NAME)";
				SWIFT_VERSION = 5.0;
				TARGETED_DEVICE_FAMILY = 1;
			};
			name = Release;
		};
/* End XCBuildConfiguration section */

/* Begin XCConfigurationList section */
		119DE28525DC40A600568D7C /* Build configuration list for PBXProject "NewsApp" */ = {
			isa = XCConfigurationList;
			buildConfigurations = (
				119DE29C25DC40AB00568D7C /* Debug */,
				119DE29D25DC40AB00568D7C /* Release */,
			);
			defaultConfigurationIsVisible = 0;
			defaultConfigurationName = Release;
		};
		119DE29E25DC40AB00568D7C /* Build configuration list for PBXNativeTarget "NewsApp" */ = {
			isa = XCConfigurationList;
			buildConfigurations = (
				119DE29F25DC40AB00568D7C /* Debug */,
				119DE2A025DC40AB00568D7C /* Release */,
			);
			defaultConfigurationIsVisible = 0;
			defaultConfigurationName = Release;
		};
/* End XCConfigurationList section */

/* Begin XCRemoteSwiftPackageReference section */
		119DE2BC25DC6EE500568D7C /* XCRemoteSwiftPackageReference "SwiftyJSON" */ = {
			isa = XCRemoteSwiftPackageReference;
			repositoryURL = "https://github.com/SwiftyJSON/SwiftyJSON.git";
			requirement = {
				kind = upToNextMajorVersion;
				minimumVersion = 5.0.0;
			};
		};
/* End XCRemoteSwiftPackageReference section */

/* Begin XCSwiftPackageProductDependency section */
		119DE2BD25DC6EE500568D7C /* SwiftyJSON */ = {
			isa = XCSwiftPackageProductDependency;
			package = 119DE2BC25DC6EE500568D7C /* XCRemoteSwiftPackageReference "SwiftyJSON" */;
			productName = SwiftyJSON;
		};
/* End XCSwiftPackageProductDependency section */
	};
	rootObject = 119DE28225DC40A600568D7C /* Project object */;
}
